
Microsoft Visual Studio Solution File, Format Version 12.00
# Visual Studio Version 16
VisualStudioVersion = 16.0.30717.126
MinimumVisualStudioVersion = 10.0.40219.1
Project("{9A19103F-16F7-4668-BE54-9A1E7A4F7556}") = "StoreWebApp", "StoreWebApp\StoreWebApp.csproj", "{A542E097-115B-46F1-A618-0CBFEA8BD277}"
EndProject
Project("{9A19103F-16F7-4668-BE54-9A1E7A4F7556}") = "EfModel", "EfModel\EfModel.csproj", "{ADC11E47-C1FD-42D4-8DED-BAC8E06FE8A0}"
EndProject
Project("{9A19103F-16F7-4668-BE54-9A1E7A4F7556}") = "StoreLibrary", "..\..\..\..\Desktop\Save\StoreLibrary\StoreLibrary.csproj", "{FBF139AE-3483-433B-9EE4-28F57FEEDA1B}"
EndProject
Global
	GlobalSection(SolutionConfigurationPlatforms) = preSolution
		Debug|Any CPU = Debug|Any CPU
		Release|Any CPU = Release|Any CPU
	EndGlobalSection
	GlobalSection(ProjectConfigurationPlatforms) = postSolution
		{A542E097-115B-46F1-A618-0CBFEA8BD277}.Debug|Any CPU.ActiveCfg = Debug|Any CPU
		{A542E097-115B-46F1-A618-0CBFEA8BD277}.Debug|Any CPU.Build.0 = Debug|Any CPU
		{A542E097-115B-46F1-A618-0CBFEA8BD277}.Release|Any CPU.ActiveCfg = Release|Any CPU
		{A542E097-115B-46F1-A618-0CBFEA8BD277}.Release|Any CPU.Build.0 = Release|Any CPU
		{ADC11E47-C1FD-42D4-8DED-BAC8E06FE8A0}.Debug|Any CPU.ActiveCfg = Debug|Any CPU
		{ADC11E47-C1FD-42D4-8DED-BAC8E06FE8A0}.Debug|Any CPU.Build.0 = Debug|Any CPU
		{ADC11E47-C1FD-42D4-8DED-BAC8E06FE8A0}.Release|Any CPU.ActiveCfg = Release|Any CPU
		{ADC11E47-C1FD-42D4-8DED-BAC8E06FE8A0}.Release|Any CPU.Build.0 = Release|Any CPU
		{FBF139AE-3483-433B-9EE4-28F57FEEDA1B}.Debug|Any CPU.ActiveCfg = Debug|Any CPU
		{FBF139AE-3483-433B-9EE4-28F57FEEDA1B}.Debug|Any CPU.Build.0 = Debug|Any CPU
		{FBF139AE-3483-433B-9EE4-28F57FEEDA1B}.Release|Any CPU.ActiveCfg = Release|Any CPU
		{FBF139AE-3483-433B-9EE4-28F57FEEDA1B}.Release|Any CPU.Build.0 = Release|Any CPU
	EndGlobalSection
	GlobalSection(SolutionProperties) = preSolution
		HideSolutionNode = FALSE
	EndGlobalSection
	GlobalSection(ExtensibilityGlobals) = postSolution
		SolutionGuid = {CC9CD8B5-226B-4ACE-89B2-C5A3316F4384}
	EndGlobalSection
EndGlobal
